
Microsoft Visual Studio Solution File, Format Version 12.00
# Visual Studio Version 17
VisualStudioVersion = 17.11.35312.102
MinimumVisualStudioVersion = 10.0.40219.1
Project("{FAE04EC0-301F-11D3-BF4B-00C04F79EFBC}") = "StlStore", "StlStore\StlStore.csproj", "{97E980DE-674D-45C3-AEBD-E4580C6D786D}"
EndProject
Global
	GlobalSection(SolutionConfigurationPlatforms) = preSolution
		Debug|Any CPU = Debug|Any CPU
		Release|Any CPU = Release|Any CPU
	EndGlobalSection
	GlobalSection(ProjectConfigurationPlatforms) = postSolution
		{97E980DE-674D-45C3-AEBD-E4580C6D786D}.Debug|Any CPU.ActiveCfg = Debug|Any CPU
		{97E980DE-674D-45C3-AEBD-E4580C6D786D}.Debug|Any CPU.Build.0 = Debug|Any CPU
		{97E980DE-674D-45C3-AEBD-E4580C6D786D}.Release|Any CPU.ActiveCfg = Release|Any CPU
		{97E980DE-674D-45C3-AEBD-E4580C6D786D}.Release|Any CPU.Build.0 = Release|Any CPU
	EndGlobalSection
	GlobalSection(SolutionProperties) = preSolution
		HideSolutionNode = FALSE
	EndGlobalSection
	GlobalSection(ExtensibilityGlobals) = postSolution
		SolutionGuid = {CFDDAF79-540C-4964-8A9E-6A8E1805628D}
	EndGlobalSection
EndGlobal
